
Microsoft Visual Studio Solution File, Format Version 12.00
# Visual Studio Version 16
VisualStudioVersion = 16.0.34301.259
MinimumVisualStudioVersion = 10.0.40219.1
Project("{FAE04EC0-301F-11D3-BF4B-00C04F79EFBC}") = "testuoload", "testuoload\testuoload.csproj", "{9B4ACC35-E1C9-4178-9546-A97CCAD5A02B}"
EndProject
Global
	GlobalSection(SolutionConfigurationPlatforms) = preSolution
		Debug|Any CPU = Debug|Any CPU
		Release|Any CPU = Release|Any CPU
	EndGlobalSection
	GlobalSection(ProjectConfigurationPlatforms) = postSolution
		{9B4ACC35-E1C9-4178-9546-A97CCAD5A02B}.Debug|Any CPU.ActiveCfg = Debug|Any CPU
		{9B4ACC35-E1C9-4178-9546-A97CCAD5A02B}.Debug|Any CPU.Build.0 = Debug|Any CPU
		{9B4ACC35-E1C9-4178-9546-A97CCAD5A02B}.Release|Any CPU.ActiveCfg = Release|Any CPU
		{9B4ACC35-E1C9-4178-9546-A97CCAD5A02B}.Release|Any CPU.Build.0 = Release|Any CPU
	EndGlobalSection
	GlobalSection(SolutionProperties) = preSolution
		HideSolutionNode = FALSE
	EndGlobalSection
	GlobalSection(ExtensibilityGlobals) = postSolution
		SolutionGuid = {0379F781-4240-4BED-B648-6B81BC5B4AC9}
	EndGlobalSection
EndGlobal
